
Microsoft Visual Studio Solution File, Format Version 12.00
# Visual Studio Version 17
VisualStudioVersion = 17.5.002.0
MinimumVisualStudioVersion = 10.0.40219.1
Project("{9A19103F-16F7-4668-BE54-9A1E7A4F7556}") = "NeuroArg.3", "NeuroArg.3.csproj", "{F321DE9E-F993-4F8F-8006-2042C325141D}"
EndProject
Global
	GlobalSection(SolutionConfigurationPlatforms) = preSolution
		Debug|Any CPU = Debug|Any CPU
		Release|Any CPU = Release|Any CPU
	EndGlobalSection
	GlobalSection(ProjectConfigurationPlatforms) = postSolution
		{F321DE9E-F993-4F8F-8006-2042C325141D}.Debug|Any CPU.ActiveCfg = Debug|Any CPU
		{F321DE9E-F993-4F8F-8006-2042C325141D}.Debug|Any CPU.Build.0 = Debug|Any CPU
		{F321DE9E-F993-4F8F-8006-2042C325141D}.Release|Any CPU.ActiveCfg = Release|Any CPU
		{F321DE9E-F993-4F8F-8006-2042C325141D}.Release|Any CPU.Build.0 = Release|Any CPU
	EndGlobalSection
	GlobalSection(SolutionProperties) = preSolution
		HideSolutionNode = FALSE
	EndGlobalSection
	GlobalSection(ExtensibilityGlobals) = postSolution
		SolutionGuid = {7E13EDF3-EF87-419A-A1C2-8A591AB86FEB}
	EndGlobalSection
EndGlobal
